
Microsoft Visual Studio Solution File, Format Version 12.00
# Visual Studio 2013
VisualStudioVersion = 12.0.31101.0
MinimumVisualStudioVersion = 10.0.40219.1
Project("{FAE04EC0-301F-11D3-BF4B-00C04F79EFBC}") = "01 FillMatrix", "FillMatrix\01 FillMatrix.csproj", "{081C2D8F-010A-46B6-B437-E6F2D31C45CD}"
EndProject
Project("{FAE04EC0-301F-11D3-BF4B-00C04F79EFBC}") = "02 MaxSum", "MaxSum\02 MaxSum.csproj", "{2E230D24-CE3A-40DE-96DE-CB987CA80D16}"
EndProject
Project("{FAE04EC0-301F-11D3-BF4B-00C04F79EFBC}") = "03 SeqMatrix", "SeqMatrix\03 SeqMatrix.csproj", "{A0647D75-A225-4408-9637-A89636E6EF2C}"
EndProject
Project("{FAE04EC0-301F-11D3-BF4B-00C04F79EFBC}") = "04 BinSearch", "BinSearch\04 BinSearch.csproj", "{017488AD-806C-4B5D-A5CD-E7A75F5C556F}"
EndProject
Project("{FAE04EC0-301F-11D3-BF4B-00C04F79EFBC}") = "05 SortByLength", "SortByLength\05 SortByLength.csproj", "{A984C7CD-73BF-44D9-8BBB-C462781AFD20}"
EndProject
Global
	GlobalSection(SolutionConfigurationPlatforms) = preSolution
		Debug|Any CPU = Debug|Any CPU
		Release|Any CPU = Release|Any CPU
	EndGlobalSection
	GlobalSection(ProjectConfigurationPlatforms) = postSolution
		{081C2D8F-010A-46B6-B437-E6F2D31C45CD}.Debug|Any CPU.ActiveCfg = Debug|Any CPU
		{081C2D8F-010A-46B6-B437-E6F2D31C45CD}.Debug|Any CPU.Build.0 = Debug|Any CPU
		{081C2D8F-010A-46B6-B437-E6F2D31C45CD}.Release|Any CPU.ActiveCfg = Release|Any CPU
		{081C2D8F-010A-46B6-B437-E6F2D31C45CD}.Release|Any CPU.Build.0 = Release|Any CPU
		{2E230D24-CE3A-40DE-96DE-CB987CA80D16}.Debug|Any CPU.ActiveCfg = Debug|Any CPU
		{2E230D24-CE3A-40DE-96DE-CB987CA80D16}.Debug|Any CPU.Build.0 = Debug|Any CPU
		{2E230D24-CE3A-40DE-96DE-CB987CA80D16}.Release|Any CPU.ActiveCfg = Release|Any CPU
		{2E230D24-CE3A-40DE-96DE-CB987CA80D16}.Release|Any CPU.Build.0 = Release|Any CPU
		{A0647D75-A225-4408-9637-A89636E6EF2C}.Debug|Any CPU.ActiveCfg = Debug|Any CPU
		{A0647D75-A225-4408-9637-A89636E6EF2C}.Debug|Any CPU.Build.0 = Debug|Any CPU
		{A0647D75-A225-4408-9637-A89636E6EF2C}.Release|Any CPU.ActiveCfg = Release|Any CPU
		{A0647D75-A225-4408-9637-A89636E6EF2C}.Release|Any CPU.Build.0 = Release|Any CPU
		{017488AD-806C-4B5D-A5CD-E7A75F5C556F}.Debug|Any CPU.ActiveCfg = Debug|Any CPU
		{017488AD-806C-4B5D-A5CD-E7A75F5C556F}.Debug|Any CPU.Build.0 = Debug|Any CPU
		{017488AD-806C-4B5D-A5CD-E7A75F5C556F}.Release|Any CPU.ActiveCfg = Release|Any CPU
		{017488AD-806C-4B5D-A5CD-E7A75F5C556F}.Release|Any CPU.Build.0 = Release|Any CPU
		{A984C7CD-73BF-44D9-8BBB-C462781AFD20}.Debug|Any CPU.ActiveCfg = Debug|Any CPU
		{A984C7CD-73BF-44D9-8BBB-C462781AFD20}.Debug|Any CPU.Build.0 = Debug|Any CPU
		{A984C7CD-73BF-44D9-8BBB-C462781AFD20}.Release|Any CPU.ActiveCfg = Release|Any CPU
		{A984C7CD-73BF-44D9-8BBB-C462781AFD20}.Release|Any CPU.Build.0 = Release|Any CPU
	EndGlobalSection
	GlobalSection(SolutionProperties) = preSolution
		HideSolutionNode = FALSE
	EndGlobalSection
EndGlobal
